{
  "requires": true,
  "lockfileVersion": 1,
  "dependencies": {
    "muse-ui-toast": {
      "version": "0.3.0",
      "resolved": "http://registry.npm.taobao.org/muse-ui-toast/download/muse-ui-toast-0.3.0.tgz"
    },
    "vue": {
      "version": "2.5.21",
      "resolved": "https://registry.npmjs.org/vue/-/vue-2.5.21.tgz",
      "integrity": "sha512-Aejvyyfhn0zjVeLvXd70h4hrE4zZDx1wfZqia6ekkobLmUZ+vNFQer53B4fu0EjWBSiqApxPejzkO1Znt3joxQ=="
    }
  }
}
